// !$*UTF8*$!
{
	archiveVersion = 1;
	classes = {
	};
	objectVersion = 56;
	objects = {

/* Begin PBXBuildFile section */
		4CAEAA9D3E97A0A72CA90EB9 /* Pods_iOScontactsAssignment_iOScontactsAssignmentUITests.framework in Frameworks */ = {isa = PBXBuildFile; fileRef = FA7EE89DA5D72A286962C824 /* Pods_iOScontactsAssignment_iOScontactsAssignmentUITests.framework */; };
		68CA0EE88BDE1F64715F36B2 /* Pods_iOScontactsAssignmentTests.framework in Frameworks */ = {isa = PBXBuildFile; fileRef = 404E75F7425DF751A7648AF8 /* Pods_iOScontactsAssignmentTests.framework */; };
		E05F5DC307E9074B5D9A28A3 /* Pods_iOScontactsAssignment.framework in Frameworks */ = {isa = PBXBuildFile; fileRef = 9A569FE8B9A60DF2B430EF15 /* Pods_iOScontactsAssignment.framework */; };
		F50F1D102B6A31C3002193EE /* iOScontactsAssignmentApp.swift in Sources */ = {isa = PBXBuildFile; fileRef = F50F1D0F2B6A31C3002193EE /* iOScontactsAssignmentApp.swift */; };
		F50F1D142B6A31C6002193EE /* Assets.xcassets in Resources */ = {isa = PBXBuildFile; fileRef = F50F1D132B6A31C6002193EE /* Assets.xcassets */; };
		F50F1D172B6A31C6002193EE /* Preview Assets.xcassets in Resources */ = {isa = PBXBuildFile; fileRef = F50F1D162B6A31C6002193EE /* Preview Assets.xcassets */; };
		F50F1D212B6A31C6002193EE /* iOScontactsAssignmentTests.swift in Sources */ = {isa = PBXBuildFile; fileRef = F50F1D202B6A31C6002193EE /* iOScontactsAssignmentTests.swift */; };
		F50F1D2B2B6A31C7002193EE /* iOScontactsAssignmentUITests.swift in Sources */ = {isa = PBXBuildFile; fileRef = F50F1D2A2B6A31C7002193EE /* iOScontactsAssignmentUITests.swift */; };
		F50F1D2D2B6A31C7002193EE /* iOScontactsAssignmentUITestsLaunchTests.swift in Sources */ = {isa = PBXBuildFile; fileRef = F50F1D2C2B6A31C7002193EE /* iOScontactsAssignmentUITestsLaunchTests.swift */; };
		F50F1D432B6A3997002193EE /* ContactView.swift in Sources */ = {isa = PBXBuildFile; fileRef = F50F1D422B6A3997002193EE /* ContactView.swift */; };
		F50F1D452B6A3E3D002193EE /* AppConstants.swift in Sources */ = {isa = PBXBuildFile; fileRef = F50F1D442B6A3E3D002193EE /* AppConstants.swift */; };
		F50F1D472B6A3EDB002193EE /* CardPersonView.swift in Sources */ = {isa = PBXBuildFile; fileRef = F50F1D462B6A3EDB002193EE /* CardPersonView.swift */; };
		F50F1D492B6A43C2002193EE /* ContactViewModel.swift in Sources */ = {isa = PBXBuildFile; fileRef = F50F1D482B6A43C2002193EE /* ContactViewModel.swift */; };
		F50F1D4B2B6A440B002193EE /* UserModel.swift in Sources */ = {isa = PBXBuildFile; fileRef = F50F1D4A2B6A440B002193EE /* UserModel.swift */; };
		F50F1D4D2B6A454C002193EE /* ApiClient.swift in Sources */ = {isa = PBXBuildFile; fileRef = F50F1D4C2B6A454C002193EE /* ApiClient.swift */; };
		F50F1D502B6A4578002193EE /* Alamofire in Frameworks */ = {isa = PBXBuildFile; productRef = F50F1D4F2B6A4578002193EE /* Alamofire */; };
		F50F1D522B6A4B50002193EE /* AddContactView.swift in Sources */ = {isa = PBXBuildFile; fileRef = F50F1D512B6A4B50002193EE /* AddContactView.swift */; };
		F50F1D542B6A4CC9002193EE /* AppTextField.swift in Sources */ = {isa = PBXBuildFile; fileRef = F50F1D532B6A4CC9002193EE /* AppTextField.swift */; };
		F50F1D562B6A5141002193EE /* SelectedContactView.swift in Sources */ = {isa = PBXBuildFile; fileRef = F50F1D552B6A5141002193EE /* SelectedContactView.swift */; };
		F50F1D582B6A5B43002193EE /* CheckIfActiveTests.swift in Sources */ = {isa = PBXBuildFile; fileRef = F50F1D572B6A5B43002193EE /* CheckIfActiveTests.swift */; };
/* End PBXBuildFile section */

/* Begin PBXContainerItemProxy section */
		F50F1D1D2B6A31C6002193EE /* PBXContainerItemProxy */ = {
			isa = PBXContainerItemProxy;
			containerPortal = F50F1D042B6A31C3002193EE /* Project object */;
			proxyType = 1;
			remoteGlobalIDString = F50F1D0B2B6A31C3002193EE;
			remoteInfo = iOScontactsAssignment;
		};
		F50F1D272B6A31C7002193EE /* PBXContainerItemProxy */ = {
			isa = PBXContainerItemProxy;
			containerPortal = F50F1D042B6A31C3002193EE /* Project object */;
			proxyType = 1;
			remoteGlobalIDString = F50F1D0B2B6A31C3002193EE;
			remoteInfo = iOScontactsAssignment;
		};
/* End PBXContainerItemProxy section */

/* Begin PBXFileReference section */
		007358F8B8162C8E68CE072D /* Pods-iOScontactsAssignment-iOScontactsAssignmentUITests.release.xcconfig */ = {isa = PBXFileReference; includeInIndex = 1; lastKnownFileType = text.xcconfig; name = "Pods-iOScontactsAssignment-iOScontactsAssignmentUITests.release.xcconfig"; path = "Target Support Files/Pods-iOScontactsAssignment-iOScontactsAssignmentUITests/Pods-iOScontactsAssignment-iOScontactsAssignmentUITests.release.xcconfig"; sourceTree = "<group>"; };
		404E75F7425DF751A7648AF8 /* Pods_iOScontactsAssignmentTests.framework */ = {isa = PBXFileReference; explicitFileType = wrapper.framework; includeInIndex = 0; path = Pods_iOScontactsAssignmentTests.framework; sourceTree = BUILT_PRODUCTS_DIR; };
		6C56D8D2EAE038CC965C6765 /* Pods-iOScontactsAssignment.release.xcconfig */ = {isa = PBXFileReference; includeInIndex = 1; lastKnownFileType = text.xcconfig; name = "Pods-iOScontactsAssignment.release.xcconfig"; path = "Target Support Files/Pods-iOScontactsAssignment/Pods-iOScontactsAssignment.release.xcconfig"; sourceTree = "<group>"; };
		9A569FE8B9A60DF2B430EF15 /* Pods_iOScontactsAssignment.framework */ = {isa = PBXFileReference; explicitFileType = wrapper.framework; includeInIndex = 0; path = Pods_iOScontactsAssignment.framework; sourceTree = BUILT_PRODUCTS_DIR; };
		A506E0BAC9C2C0FE42426ECD /* Pods-iOScontactsAssignmentTests.debug.xcconfig */ = {isa = PBXFileReference; includeInIndex = 1; lastKnownFileType = text.xcconfig; name = "Pods-iOScontactsAssignmentTests.debug.xcconfig"; path = "Target Support Files/Pods-iOScontactsAssignmentTests/Pods-iOScontactsAssignmentTests.debug.xcconfig"; sourceTree = "<group>"; };
		AB7D4D4EB6DF48109F52795A /* Pods-iOScontactsAssignment-iOScontactsAssignmentUITests.debug.xcconfig */ = {isa = PBXFileReference; includeInIndex = 1; lastKnownFileType = text.xcconfig; name = "Pods-iOScontactsAssignment-iOScontactsAssignmentUITests.debug.xcconfig"; path = "Target Support Files/Pods-iOScontactsAssignment-iOScontactsAssignmentUITests/Pods-iOScontactsAssignment-iOScontactsAssignmentUITests.debug.xcconfig"; sourceTree = "<group>"; };
		CA8A7646316BB255AF325A95 /* Pods-iOScontactsAssignmentTests.release.xcconfig */ = {isa = PBXFileReference; includeInIndex = 1; lastKnownFileType = text.xcconfig; name = "Pods-iOScontactsAssignmentTests.release.xcconfig"; path = "Target Support Files/Pods-iOScontactsAssignmentTests/Pods-iOScontactsAssignmentTests.release.xcconfig"; sourceTree = "<group>"; };
		D1B3B91C7E4C17DBD976B674 /* Pods-iOScontactsAssignment.debug.xcconfig */ = {isa = PBXFileReference; includeInIndex = 1; lastKnownFileType = text.xcconfig; name = "Pods-iOScontactsAssignment.debug.xcconfig"; path = "Target Support Files/Pods-iOScontactsAssignment/Pods-iOScontactsAssignment.debug.xcconfig"; sourceTree = "<group>"; };
		F50F1D0C2B6A31C3002193EE /* iOScontactsAssignment.app */ = {isa = PBXFileReference; explicitFileType = wrapper.application; includeInIndex = 0; path = iOScontactsAssignment.app; sourceTree = BUILT_PRODUCTS_DIR; };
		F50F1D0F2B6A31C3002193EE /* iOScontactsAssignmentApp.swift */ = {isa = PBXFileReference; lastKnownFileType = sourcecode.swift; path = iOScontactsAssignmentApp.swift; sourceTree = "<group>"; };
		F50F1D132B6A31C6002193EE /* Assets.xcassets */ = {isa = PBXFileReference; lastKnownFileType = folder.assetcatalog; path = Assets.xcassets; sourceTree = "<group>"; };
		F50F1D162B6A31C6002193EE /* Preview Assets.xcassets */ = {isa = PBXFileReference; lastKnownFileType = folder.assetcatalog; path = "Preview Assets.xcassets"; sourceTree = "<group>"; };
		F50F1D1C2B6A31C6002193EE /* iOScontactsAssignmentTests.xctest */ = {isa = PBXFileReference; explicitFileType = wrapper.cfbundle; includeInIndex = 0; path = iOScontactsAssignmentTests.xctest; sourceTree = BUILT_PRODUCTS_DIR; };
		F50F1D202B6A31C6002193EE /* iOScontactsAssignmentTests.swift */ = {isa = PBXFileReference; lastKnownFileType = sourcecode.swift; path = iOScontactsAssignmentTests.swift; sourceTree = "<group>"; };
		F50F1D262B6A31C7002193EE /* iOScontactsAssignmentUITests.xctest */ = {isa = PBXFileReference; explicitFileType = wrapper.cfbundle; includeInIndex = 0; path = iOScontactsAssignmentUITests.xctest; sourceTree = BUILT_PRODUCTS_DIR; };
		F50F1D2A2B6A31C7002193EE /* iOScontactsAssignmentUITests.swift */ = {isa = PBXFileReference; lastKnownFileType = sourcecode.swift; path = iOScontactsAssignmentUITests.swift; sourceTree = "<group>"; };
		F50F1D2C2B6A31C7002193EE /* iOScontactsAssignmentUITestsLaunchTests.swift */ = {isa = PBXFileReference; lastKnownFileType = sourcecode.swift; path = iOScontactsAssignmentUITestsLaunchTests.swift; sourceTree = "<group>"; };
		F50F1D422B6A3997002193EE /* ContactView.swift */ = {isa = PBXFileReference; lastKnownFileType = sourcecode.swift; path = ContactView.swift; sourceTree = "<group>"; };
		F50F1D442B6A3E3D002193EE /* AppConstants.swift */ = {isa = PBXFileReference; lastKnownFileType = sourcecode.swift; path = AppConstants.swift; sourceTree = "<group>"; };
		F50F1D462B6A3EDB002193EE /* CardPersonView.swift */ = {isa = PBXFileReference; lastKnownFileType = sourcecode.swift; path = CardPersonView.swift; sourceTree = "<group>"; };
		F50F1D482B6A43C2002193EE /* ContactViewModel.swift */ = {isa = PBXFileReference; lastKnownFileType = sourcecode.swift; path = ContactViewModel.swift; sourceTree = "<group>"; };
		F50F1D4A2B6A440B002193EE /* UserModel.swift */ = {isa = PBXFileReference; lastKnownFileType = sourcecode.swift; path = UserModel.swift; sourceTree = "<group>"; };
		F50F1D4C2B6A454C002193EE /* ApiClient.swift */ = {isa = PBXFileReference; lastKnownFileType = sourcecode.swift; path = ApiClient.swift; sourceTree = "<group>"; };
		F50F1D512B6A4B50002193EE /* AddContactView.swift */ = {isa = PBXFileReference; lastKnownFileType = sourcecode.swift; path = AddContactView.swift; sourceTree = "<group>"; };
		F50F1D532B6A4CC9002193EE /* AppTextField.swift */ = {isa = PBXFileReference; lastKnownFileType = sourcecode.swift; path = AppTextField.swift; sourceTree = "<group>"; };
		F50F1D552B6A5141002193EE /* SelectedContactView.swift */ = {isa = PBXFileReference; lastKnownFileType = sourcecode.swift; path = SelectedContactView.swift; sourceTree = "<group>"; };
		F50F1D572B6A5B43002193EE /* CheckIfActiveTests.swift */ = {isa = PBXFileReference; lastKnownFileType = sourcecode.swift; path = CheckIfActiveTests.swift; sourceTree = "<group>"; };
		FA7EE89DA5D72A286962C824 /* Pods_iOScontactsAssignment_iOScontactsAssignmentUITests.framework */ = {isa = PBXFileReference; explicitFileType = wrapper.framework; includeInIndex = 0; path = Pods_iOScontactsAssignment_iOScontactsAssignmentUITests.framework; sourceTree = BUILT_PRODUCTS_DIR; };
/* End PBXFileReference section */

/* Begin PBXFrameworksBuildPhase section */
		F50F1D092B6A31C3002193EE /* Frameworks */ = {
			isa = PBXFrameworksBuildPhase;
			buildActionMask = 2147483647;
			files = (
				E05F5DC307E9074B5D9A28A3 /* Pods_iOScontactsAssignment.framework in Frameworks */,
				F50F1D502B6A4578002193EE /* Alamofire in Frameworks */,
			);
			runOnlyForDeploymentPostprocessing = 0;
		};
		F50F1D192B6A31C6002193EE /* Frameworks */ = {
			isa = PBXFrameworksBuildPhase;
			buildActionMask = 2147483647;
			files = (
				68CA0EE88BDE1F64715F36B2 /* Pods_iOScontactsAssignmentTests.framework in Frameworks */,
			);
			runOnlyForDeploymentPostprocessing = 0;
		};
		F50F1D232B6A31C7002193EE /* Frameworks */ = {
			isa = PBXFrameworksBuildPhase;
			buildActionMask = 2147483647;
			files = (
				4CAEAA9D3E97A0A72CA90EB9 /* Pods_iOScontactsAssignment_iOScontactsAssignmentUITests.framework in Frameworks */,
			);
			runOnlyForDeploymentPostprocessing = 0;
		};
/* End PBXFrameworksBuildPhase section */

/* Begin PBXGroup section */
		9A3A4A6D3610A1F8BDF2DB40 /* Frameworks */ = {
			isa = PBXGroup;
			children = (
				9A569FE8B9A60DF2B430EF15 /* Pods_iOScontactsAssignment.framework */,
				FA7EE89DA5D72A286962C824 /* Pods_iOScontactsAssignment_iOScontactsAssignmentUITests.framework */,
				404E75F7425DF751A7648AF8 /* Pods_iOScontactsAssignmentTests.framework */,
			);
			name = Frameworks;
			sourceTree = "<group>";
		};
		E98F7EB76FAA62FCD3D038C0 /* Pods */ = {
			isa = PBXGroup;
			children = (
				D1B3B91C7E4C17DBD976B674 /* Pods-iOScontactsAssignment.debug.xcconfig */,
				6C56D8D2EAE038CC965C6765 /* Pods-iOScontactsAssignment.release.xcconfig */,
				AB7D4D4EB6DF48109F52795A /* Pods-iOScontactsAssignment-iOScontactsAssignmentUITests.debug.xcconfig */,
				007358F8B8162C8E68CE072D /* Pods-iOScontactsAssignment-iOScontactsAssignmentUITests.release.xcconfig */,
				A506E0BAC9C2C0FE42426ECD /* Pods-iOScontactsAssignmentTests.debug.xcconfig */,
				CA8A7646316BB255AF325A95 /* Pods-iOScontactsAssignmentTests.release.xcconfig */,
			);
			path = Pods;
			sourceTree = "<group>";
		};
		F50F1D032B6A31C3002193EE = {
			isa = PBXGroup;
			children = (
				F50F1D0E2B6A31C3002193EE /* iOScontactsAssignment */,
				F50F1D1F2B6A31C6002193EE /* iOScontactsAssignmentTests */,
				F50F1D292B6A31C7002193EE /* iOScontactsAssignmentUITests */,
				F50F1D0D2B6A31C3002193EE /* Products */,
				E98F7EB76FAA62FCD3D038C0 /* Pods */,
				9A3A4A6D3610A1F8BDF2DB40 /* Frameworks */,
			);
			sourceTree = "<group>";
		};
		F50F1D0D2B6A31C3002193EE /* Products */ = {
			isa = PBXGroup;
			children = (
				F50F1D0C2B6A31C3002193EE /* iOScontactsAssignment.app */,
				F50F1D1C2B6A31C6002193EE /* iOScontactsAssignmentTests.xctest */,
				F50F1D262B6A31C7002193EE /* iOScontactsAssignmentUITests.xctest */,
			);
			name = Products;
			sourceTree = "<group>";
		};
		F50F1D0E2B6A31C3002193EE /* iOScontactsAssignment */ = {
			isa = PBXGroup;
			children = (
				F50F1D3B2B6A3803002193EE /* UI */,
				F50F1D3A2B6A37EB002193EE /* Services */,
				F50F1D392B6A37D0002193EE /* Constants */,
				F50F1D0F2B6A31C3002193EE /* iOScontactsAssignmentApp.swift */,
				F50F1D132B6A31C6002193EE /* Assets.xcassets */,
				F50F1D152B6A31C6002193EE /* Preview Content */,
			);
			path = iOScontactsAssignment;
			sourceTree = "<group>";
		};
		F50F1D152B6A31C6002193EE /* Preview Content */ = {
			isa = PBXGroup;
			children = (
				F50F1D162B6A31C6002193EE /* Preview Assets.xcassets */,
			);
			path = "Preview Content";
			sourceTree = "<group>";
		};
		F50F1D1F2B6A31C6002193EE /* iOScontactsAssignmentTests */ = {
			isa = PBXGroup;
			children = (
				F50F1D202B6A31C6002193EE /* iOScontactsAssignmentTests.swift */,
				F50F1D572B6A5B43002193EE /* CheckIfActiveTests.swift */,
			);
			path = iOScontactsAssignmentTests;
			sourceTree = "<group>";
		};
		F50F1D292B6A31C7002193EE /* iOScontactsAssignmentUITests */ = {
			isa = PBXGroup;
			children = (
				F50F1D2A2B6A31C7002193EE /* iOScontactsAssignmentUITests.swift */,
				F50F1D2C2B6A31C7002193EE /* iOScontactsAssignmentUITestsLaunchTests.swift */,
			);
			path = iOScontactsAssignmentUITests;
			sourceTree = "<group>";
		};
		F50F1D392B6A37D0002193EE /* Constants */ = {
			isa = PBXGroup;
			children = (
				F50F1D442B6A3E3D002193EE /* AppConstants.swift */,
			);
			path = Constants;
			sourceTree = "<group>";
		};
		F50F1D3A2B6A37EB002193EE /* Services */ = {
			isa = PBXGroup;
			children = (
				F50F1D4C2B6A454C002193EE /* ApiClient.swift */,
			);
			path = Services;
			sourceTree = "<group>";
		};
		F50F1D3B2B6A3803002193EE /* UI */ = {
			isa = PBXGroup;
			children = (
				F50F1D3C2B6A384B002193EE /* Contacts */,
			);
			path = UI;
			sourceTree = "<group>";
		};
		F50F1D3C2B6A384B002193EE /* Contacts */ = {
			isa = PBXGroup;
			children = (
				F50F1D3F2B6A386D002193EE /* ViewModel */,
				F50F1D3E2B6A3865002193EE /* View */,
				F50F1D3D2B6A3859002193EE /* Model */,
			);
			path = Contacts;
			sourceTree = "<group>";
		};
		F50F1D3D2B6A3859002193EE /* Model */ = {
			isa = PBXGroup;
			children = (
				F50F1D4A2B6A440B002193EE /* UserModel.swift */,
			);
			path = Model;
			sourceTree = "<group>";
		};
		F50F1D3E2B6A3865002193EE /* View */ = {
			isa = PBXGroup;
			children = (
				F50F1D422B6A3997002193EE /* ContactView.swift */,
				F50F1D462B6A3EDB002193EE /* CardPersonView.swift */,
				F50F1D512B6A4B50002193EE /* AddContactView.swift */,
				F50F1D532B6A4CC9002193EE /* AppTextField.swift */,
				F50F1D552B6A5141002193EE /* SelectedContactView.swift */,
			);
			path = View;
			sourceTree = "<group>";
		};
		F50F1D3F2B6A386D002193EE /* ViewModel */ = {
			isa = PBXGroup;
			children = (
				F50F1D482B6A43C2002193EE /* ContactViewModel.swift */,
			);
			path = ViewModel;
			sourceTree = "<group>";
		};
/* End PBXGroup section */

/* Begin PBXNativeTarget section */
		F50F1D0B2B6A31C3002193EE /* iOScontactsAssignment */ = {
			isa = PBXNativeTarget;
			buildConfigurationList = F50F1D302B6A31C7002193EE /* Build configuration list for PBXNativeTarget "iOScontactsAssignment" */;
			buildPhases = (
				D8999D44DF635FB01D3DD99A /* [CP] Check Pods Manifest.lock */,
				F50F1D082B6A31C3002193EE /* Sources */,
				F50F1D092B6A31C3002193EE /* Frameworks */,
				F50F1D0A2B6A31C3002193EE /* Resources */,
			);
			buildRules = (
			);
			dependencies = (
			);
			name = iOScontactsAssignment;
			packageProductDependencies = (
				F50F1D4F2B6A4578002193EE /* Alamofire */,
			);
			productName = iOScontactsAssignment;
			productReference = F50F1D0C2B6A31C3002193EE /* iOScontactsAssignment.app */;
			productType = "com.apple.product-type.application";
		};
		F50F1D1B2B6A31C6002193EE /* iOScontactsAssignmentTests */ = {
			isa = PBXNativeTarget;
			buildConfigurationList = F50F1D332B6A31C7002193EE /* Build configuration list for PBXNativeTarget "iOScontactsAssignmentTests" */;
			buildPhases = (
				1D59734E0C76B4E320301265 /* [CP] Check Pods Manifest.lock */,
				F50F1D182B6A31C6002193EE /* Sources */,
				F50F1D192B6A31C6002193EE /* Frameworks */,
				F50F1D1A2B6A31C6002193EE /* Resources */,
			);
			buildRules = (
			);
			dependencies = (
				F50F1D1E2B6A31C6002193EE /* PBXTargetDependency */,
			);
			name = iOScontactsAssignmentTests;
			productName = iOScontactsAssignmentTests;
			productReference = F50F1D1C2B6A31C6002193EE /* iOScontactsAssignmentTests.xctest */;
			productType = "com.apple.product-type.bundle.unit-test";
		};
		F50F1D252B6A31C7002193EE /* iOScontactsAssignmentUITests */ = {
			isa = PBXNativeTarget;
			buildConfigurationList = F50F1D362B6A31C7002193EE /* Build configuration list for PBXNativeTarget "iOScontactsAssignmentUITests" */;
			buildPhases = (
				98E5D9604301AF26CB7F6707 /* [CP] Check Pods Manifest.lock */,
				F50F1D222B6A31C7002193EE /* Sources */,
				F50F1D232B6A31C7002193EE /* Frameworks */,
				F50F1D242B6A31C7002193EE /* Resources */,
			);
			buildRules = (
			);
			dependencies = (
				F50F1D282B6A31C7002193EE /* PBXTargetDependency */,
			);
			name = iOScontactsAssignmentUITests;
			productName = iOScontactsAssignmentUITests;
			productReference = F50F1D262B6A31C7002193EE /* iOScontactsAssignmentUITests.xctest */;
			productType = "com.apple.product-type.bundle.ui-testing";
		};
/* End PBXNativeTarget section */

/* Begin PBXProject section */
		F50F1D042B6A31C3002193EE /* Project object */ = {
			isa = PBXProject;
			attributes = {
				BuildIndependentTargetsInParallel = 1;
				LastSwiftUpdateCheck = 1510;
				LastUpgradeCheck = 1510;
				TargetAttributes = {
					F50F1D0B2B6A31C3002193EE = {
						CreatedOnToolsVersion = 15.1;
					};
					F50F1D1B2B6A31C6002193EE = {
						CreatedOnToolsVersion = 15.1;
						TestTargetID = F50F1D0B2B6A31C3002193EE;
					};
					F50F1D252B6A31C7002193EE = {
						CreatedOnToolsVersion = 15.1;
						TestTargetID = F50F1D0B2B6A31C3002193EE;
					};
				};
			};
			buildConfigurationList = F50F1D072B6A31C3002193EE /* Build configuration list for PBXProject "iOScontactsAssignment" */;
			compatibilityVersion = "Xcode 14.0";
			developmentRegion = en;
			hasScannedForEncodings = 0;
			knownRegions = (
				en,
				Base,
			);
			mainGroup = F50F1D032B6A31C3002193EE;
			packageReferences = (
				F50F1D4E2B6A4578002193EE /* XCRemoteSwiftPackageReference "Alamofire" */,
			);
			productRefGroup = F50F1D0D2B6A31C3002193EE /* Products */;
			projectDirPath = "";
			projectRoot = "";
			targets = (
				F50F1D0B2B6A31C3002193EE /* iOScontactsAssignment */,
				F50F1D1B2B6A31C6002193EE /* iOScontactsAssignmentTests */,
				F50F1D252B6A31C7002193EE /* iOScontactsAssignmentUITests */,
			);
		};
/* End PBXProject section */

/* Begin PBXResourcesBuildPhase section */
		F50F1D0A2B6A31C3002193EE /* Resources */ = {
			isa = PBXResourcesBuildPhase;
			buildActionMask = 2147483647;
			files = (
				F50F1D172B6A31C6002193EE /* Preview Assets.xcassets in Resources */,
				F50F1D142B6A31C6002193EE /* Assets.xcassets in Resources */,
			);
			runOnlyForDeploymentPostprocessing = 0;
		};
		F50F1D1A2B6A31C6002193EE /* Resources */ = {
			isa = PBXResourcesBuildPhase;
			buildActionMask = 2147483647;
			files = (
			);
			runOnlyForDeploymentPostprocessing = 0;
		};
		F50F1D242B6A31C7002193EE /* Resources */ = {
			isa = PBXResourcesBuildPhase;
			buildActionMask = 2147483647;
			files = (
			);
			runOnlyForDeploymentPostprocessing = 0;
		};
/* End PBXResourcesBuildPhase section */

/* Begin PBXShellScriptBuildPhase section */
		1D59734E0C76B4E320301265 /* [CP] Check Pods Manifest.lock */ = {
			isa = PBXShellScriptBuildPhase;
			buildActionMask = 2147483647;
			files = (
			);
			inputFileListPaths = (
			);
			inputPaths = (
				"${PODS_PODFILE_DIR_PATH}/Podfile.lock",
				"${PODS_ROOT}/Manifest.lock",
			);
			name = "[CP] Check Pods Manifest.lock";
			outputFileListPaths = (
			);
			outputPaths = (
				"$(DERIVED_FILE_DIR)/Pods-iOScontactsAssignmentTests-checkManifestLockResult.txt",
			);
			runOnlyForDeploymentPostprocessing = 0;
			shellPath = /bin/sh;
			shellScript = "diff \"${PODS_PODFILE_DIR_PATH}/Podfile.lock\" \"${PODS_ROOT}/Manifest.lock\" > /dev/null\nif [ $? != 0 ] ; then\n    # print error to STDERR\n    echo \"error: The sandbox is not in sync with the Podfile.lock. Run 'pod install' or update your CocoaPods installation.\" >&2\n    exit 1\nfi\n# This output is used by Xcode 'outputs' to avoid re-running this script phase.\necho \"SUCCESS\" > \"${SCRIPT_OUTPUT_FILE_0}\"\n";
			showEnvVarsInLog = 0;
		};
		98E5D9604301AF26CB7F6707 /* [CP] Check Pods Manifest.lock */ = {
			isa = PBXShellScriptBuildPhase;
			buildActionMask = 2147483647;
			files = (
			);
			inputFileListPaths = (
			);
			inputPaths = (
				"${PODS_PODFILE_DIR_PATH}/Podfile.lock",
				"${PODS_ROOT}/Manifest.lock",
			);
			name = "[CP] Check Pods Manifest.lock";
			outputFileListPaths = (
			);
			outputPaths = (
				"$(DERIVED_FILE_DIR)/Pods-iOScontactsAssignment-iOScontactsAssignmentUITests-checkManifestLockResult.txt",
			);
			runOnlyForDeploymentPostprocessing = 0;
			shellPath = /bin/sh;
			shellScript = "diff \"${PODS_PODFILE_DIR_PATH}/Podfile.lock\" \"${PODS_ROOT}/Manifest.lock\" > /dev/null\nif [ $? != 0 ] ; then\n    # print error to STDERR\n    echo \"error: The sandbox is not in sync with the Podfile.lock. Run 'pod install' or update your CocoaPods installation.\" >&2\n    exit 1\nfi\n# This output is used by Xcode 'outputs' to avoid re-running this script phase.\necho \"SUCCESS\" > \"${SCRIPT_OUTPUT_FILE_0}\"\n";
			showEnvVarsInLog = 0;
		};
		D8999D44DF635FB01D3DD99A /* [CP] Check Pods Manifest.lock */ = {
			isa = PBXShellScriptBuildPhase;
			buildActionMask = 2147483647;
			files = (
			);
			inputFileListPaths = (
			);
			inputPaths = (
				"${PODS_PODFILE_DIR_PATH}/Podfile.lock",
				"${PODS_ROOT}/Manifest.lock",
			);
			name = "[CP] Check Pods Manifest.lock";
			outputFileListPaths = (
			);
			outputPaths = (
				"$(DERIVED_FILE_DIR)/Pods-iOScontactsAssignment-checkManifestLockResult.txt",
			);
			runOnlyForDeploymentPostprocessing = 0;
			shellPath = /bin/sh;
			shellScript = "diff \"${PODS_PODFILE_DIR_PATH}/Podfile.lock\" \"${PODS_ROOT}/Manifest.lock\" > /dev/null\nif [ $? != 0 ] ; then\n    # print error to STDERR\n    echo \"error: The sandbox is not in sync with the Podfile.lock. Run 'pod install' or update your CocoaPods installation.\" >&2\n    exit 1\nfi\n# This output is used by Xcode 'outputs' to avoid re-running this script phase.\necho \"SUCCESS\" > \"${SCRIPT_OUTPUT_FILE_0}\"\n";
			showEnvVarsInLog = 0;
		};
/* End PBXShellScriptBuildPhase section */

/* Begin PBXSourcesBuildPhase section */
		F50F1D082B6A31C3002193EE /* Sources */ = {
			isa = PBXSourcesBuildPhase;
			buildActionMask = 2147483647;
			files = (
				F50F1D562B6A5141002193EE /* SelectedContactView.swift in Sources */,
				F50F1D4D2B6A454C002193EE /* ApiClient.swift in Sources */,
				F50F1D432B6A3997002193EE /* ContactView.swift in Sources */,
				F50F1D542B6A4CC9002193EE /* AppTextField.swift in Sources */,
				F50F1D452B6A3E3D002193EE /* AppConstants.swift in Sources */,
				F50F1D492B6A43C2002193EE /* ContactViewModel.swift in Sources */,
				F50F1D102B6A31C3002193EE /* iOScontactsAssignmentApp.swift in Sources */,
				F50F1D4B2B6A440B002193EE /* UserModel.swift in Sources */,
				F50F1D472B6A3EDB002193EE /* CardPersonView.swift in Sources */,
				F50F1D522B6A4B50002193EE /* AddContactView.swift in Sources */,
			);
			runOnlyForDeploymentPostprocessing = 0;
		};
		F50F1D182B6A31C6002193EE /* Sources */ = {
			isa = PBXSourcesBuildPhase;
			buildActionMask = 2147483647;
			files = (
				F50F1D212B6A31C6002193EE /* iOScontactsAssignmentTests.swift in Sources */,
				F50F1D582B6A5B43002193EE /* CheckIfActiveTests.swift in Sources */,
			);
			runOnlyForDeploymentPostprocessing = 0;
		};
		F50F1D222B6A31C7002193EE /* Sources */ = {
			isa = PBXSourcesBuildPhase;
			buildActionMask = 2147483647;
			files = (
				F50F1D2D2B6A31C7002193EE /* iOScontactsAssignmentUITestsLaunchTests.swift in Sources */,
				F50F1D2B2B6A31C7002193EE /* iOScontactsAssignmentUITests.swift in Sources */,
			);
			runOnlyForDeploymentPostprocessing = 0;
		};
/* End PBXSourcesBuildPhase section */

/* Begin PBXTargetDependency section */
		F50F1D1E2B6A31C6002193EE /* PBXTargetDependency */ = {
			isa = PBXTargetDependency;
			target = F50F1D0B2B6A31C3002193EE /* iOScontactsAssignment */;
			targetProxy = F50F1D1D2B6A31C6002193EE /* PBXContainerItemProxy */;
		};
		F50F1D282B6A31C7002193EE /* PBXTargetDependency */ = {
			isa = PBXTargetDependency;
			target = F50F1D0B2B6A31C3002193EE /* iOScontactsAssignment */;
			targetProxy = F50F1D272B6A31C7002193EE /* PBXContainerItemProxy */;
		};
/* End PBXTargetDependency section */

/* Begin XCBuildConfiguration section */
		F50F1D2E2B6A31C7002193EE /* Debug */ = {
			isa = XCBuildConfiguration;
			buildSettings = {
				ALWAYS_SEARCH_USER_PATHS = NO;
				ASSETCATALOG_COMPILER_GENERATE_SWIFT_ASSET_SYMBOL_EXTENSIONS = YES;
				CLANG_ANALYZER_NONNULL = YES;
				CLANG_ANALYZER_NUMBER_OBJECT_CONVERSION = YES_AGGRESSIVE;
				CLANG_CXX_LANGUAGE_STANDARD = "gnu++20";
				CLANG_ENABLE_MODULES = YES;
				CLANG_ENABLE_OBJC_ARC = YES;
				CLANG_ENABLE_OBJC_WEAK = YES;
				CLANG_WARN_BLOCK_CAPTURE_AUTORELEASING = YES;
				CLANG_WARN_BOOL_CONVERSION = YES;
				CLANG_WARN_COMMA = YES;
				CLANG_WARN_CONSTANT_CONVERSION = YES;
				CLANG_WARN_DEPRECATED_OBJC_IMPLEMENTATIONS = YES;
				CLANG_WARN_DIRECT_OBJC_ISA_USAGE = YES_ERROR;
				CLANG_WARN_DOCUMENTATION_COMMENTS = YES;
				CLANG_WARN_EMPTY_BODY = YES;
				CLANG_WARN_ENUM_CONVERSION = YES;
				CLANG_WARN_INFINITE_RECURSION = YES;
				CLANG_WARN_INT_CONVERSION = YES;
				CLANG_WARN_NON_LITERAL_NULL_CONVERSION = YES;
				CLANG_WARN_OBJC_IMPLICIT_RETAIN_SELF = YES;
				CLANG_WARN_OBJC_LITERAL_CONVERSION = YES;
				CLANG_WARN_OBJC_ROOT_CLASS = YES_ERROR;
				CLANG_WARN_QUOTED_INCLUDE_IN_FRAMEWORK_HEADER = YES;
				CLANG_WARN_RANGE_LOOP_ANALYSIS = YES;
				CLANG_WARN_STRICT_PROTOTYPES = YES;
				CLANG_WARN_SUSPICIOUS_MOVE = YES;
				CLANG_WARN_UNGUARDED_AVAILABILITY = YES_AGGRESSIVE;
				CLANG_WARN_UNREACHABLE_CODE = YES;
				CLANG_WARN__DUPLICATE_METHOD_MATCH = YES;
				COPY_PHASE_STRIP = NO;
				DEBUG_INFORMATION_FORMAT = dwarf;
				ENABLE_STRICT_OBJC_MSGSEND = YES;
				ENABLE_TESTABILITY = YES;
				ENABLE_USER_SCRIPT_SANDBOXING = YES;
				GCC_C_LANGUAGE_STANDARD = gnu17;
				GCC_DYNAMIC_NO_PIC = NO;
				GCC_NO_COMMON_BLOCKS = YES;
				GCC_OPTIMIZATION_LEVEL = 0;
				GCC_PREPROCESSOR_DEFINITIONS = (
					"DEBUG=1",
					"$(inherited)",
				);
				GCC_WARN_64_TO_32_BIT_CONVERSION = YES;
				GCC_WARN_ABOUT_RETURN_TYPE = YES_ERROR;
				GCC_WARN_UNDECLARED_SELECTOR = YES;
				GCC_WARN_UNINITIALIZED_AUTOS = YES_AGGRESSIVE;
				GCC_WARN_UNUSED_FUNCTION = YES;
				GCC_WARN_UNUSED_VARIABLE = YES;
				IPHONEOS_DEPLOYMENT_TARGET = 17.2;
				LOCALIZATION_PREFERS_STRING_CATALOGS = YES;
				MTL_ENABLE_DEBUG_INFO = INCLUDE_SOURCE;
				MTL_FAST_MATH = YES;
				ONLY_ACTIVE_ARCH = YES;
				SDKROOT = iphoneos;
				SWIFT_ACTIVE_COMPILATION_CONDITIONS = "DEBUG $(inherited)";
				SWIFT_OPTIMIZATION_LEVEL = "-Onone";
			};
			name = Debug;
		};
		F50F1D2F2B6A31C7002193EE /* Release */ = {
			isa = XCBuildConfiguration;
			buildSettings = {
				ALWAYS_SEARCH_USER_PATHS = NO;
				ASSETCATALOG_COMPILER_GENERATE_SWIFT_ASSET_SYMBOL_EXTENSIONS = YES;
				CLANG_ANALYZER_NONNULL = YES;
				CLANG_ANALYZER_NUMBER_OBJECT_CONVERSION = YES_AGGRESSIVE;
				CLANG_CXX_LANGUAGE_STANDARD = "gnu++20";
				CLANG_ENABLE_MODULES = YES;
				CLANG_ENABLE_OBJC_ARC = YES;
				CLANG_ENABLE_OBJC_WEAK = YES;
				CLANG_WARN_BLOCK_CAPTURE_AUTORELEASING = YES;
				CLANG_WARN_BOOL_CONVERSION = YES;
				CLANG_WARN_COMMA = YES;
				CLANG_WARN_CONSTANT_CONVERSION = YES;
				CLANG_WARN_DEPRECATED_OBJC_IMPLEMENTATIONS = YES;
				CLANG_WARN_DIRECT_OBJC_ISA_USAGE = YES_ERROR;
				CLANG_WARN_DOCUMENTATION_COMMENTS = YES;
				CLANG_WARN_EMPTY_BODY = YES;
				CLANG_WARN_ENUM_CONVERSION = YES;
				CLANG_WARN_INFINITE_RECURSION = YES;
				CLANG_WARN_INT_CONVERSION = YES;
				CLANG_WARN_NON_LITERAL_NULL_CONVERSION = YES;
				CLANG_WARN_OBJC_IMPLICIT_RETAIN_SELF = YES;
				CLANG_WARN_OBJC_LITERAL_CONVERSION = YES;
				CLANG_WARN_OBJC_ROOT_CLASS = YES_ERROR;
				CLANG_WARN_QUOTED_INCLUDE_IN_FRAMEWORK_HEADER = YES;
				CLANG_WARN_RANGE_LOOP_ANALYSIS = YES;
				CLANG_WARN_STRICT_PROTOTYPES = YES;
				CLANG_WARN_SUSPICIOUS_MOVE = YES;
				CLANG_WARN_UNGUARDED_AVAILABILITY = YES_AGGRESSIVE;
				CLANG_WARN_UNREACHABLE_CODE = YES;
				CLANG_WARN__DUPLICATE_METHOD_MATCH = YES;
				COPY_PHASE_STRIP = NO;
				DEBUG_INFORMATION_FORMAT = "dwarf-with-dsym";
				ENABLE_NS_ASSERTIONS = NO;
				ENABLE_STRICT_OBJC_MSGSEND = YES;
				ENABLE_USER_SCRIPT_SANDBOXING = YES;
				GCC_C_LANGUAGE_STANDARD = gnu17;
				GCC_NO_COMMON_BLOCKS = YES;
				GCC_WARN_64_TO_32_BIT_CONVERSION = YES;
				GCC_WARN_ABOUT_RETURN_TYPE = YES_ERROR;
				GCC_WARN_UNDECLARED_SELECTOR = YES;
				GCC_WARN_UNINITIALIZED_AUTOS = YES_AGGRESSIVE;
				GCC_WARN_UNUSED_FUNCTION = YES;
				GCC_WARN_UNUSED_VARIABLE = YES;
				IPHONEOS_DEPLOYMENT_TARGET = 17.2;
				LOCALIZATION_PREFERS_STRING_CATALOGS = YES;
				MTL_ENABLE_DEBUG_INFO = NO;
				MTL_FAST_MATH = YES;
				SDKROOT = iphoneos;
				SWIFT_COMPILATION_MODE = wholemodule;
				VALIDATE_PRODUCT = YES;
			};
			name = Release;
		};
		F50F1D312B6A31C7002193EE /* Debug */ = {
			isa = XCBuildConfiguration;
			baseConfigurationReference = D1B3B91C7E4C17DBD976B674 /* Pods-iOScontactsAssignment.debug.xcconfig */;
			buildSettings = {
				ASSETCATALOG_COMPILER_APPICON_NAME = AppIcon;
				ASSETCATALOG_COMPILER_GLOBAL_ACCENT_COLOR_NAME = AccentColor;
				CODE_SIGN_STYLE = Automatic;
				CURRENT_PROJECT_VERSION = 1;
				DEVELOPMENT_ASSET_PATHS = "\"iOScontactsAssignment/Preview Content\"";
				DEVELOPMENT_TEAM = G72BPQSG2L;
				ENABLE_PREVIEWS = YES;
				GENERATE_INFOPLIST_FILE = YES;
				INFOPLIST_KEY_UIApplicationSceneManifest_Generation = YES;
				INFOPLIST_KEY_UIApplicationSupportsIndirectInputEvents = YES;
				INFOPLIST_KEY_UILaunchScreen_Generation = YES;
				INFOPLIST_KEY_UISupportedInterfaceOrientations_iPad = "UIInterfaceOrientationPortrait UIInterfaceOrientationPortraitUpsideDown UIInterfaceOrientationLandscapeLeft UIInterfaceOrientationLandscapeRight";
				INFOPLIST_KEY_UISupportedInterfaceOrientations_iPhone = "UIInterfaceOrientationPortrait UIInterfaceOrientationLandscapeRight UIInterfaceOrientationLandscapeLeft";
				LD_RUNPATH_SEARCH_PATHS = (
					"$(inherited)",
					"@executable_path/Frameworks",
				);
				MARKETING_VERSION = 1.0;
				PRODUCT_BUNDLE_IDENTIFIER = senilaconstantin.iOScontactsAssignment;
				PRODUCT_NAME = "$(TARGET_NAME)";
				SWIFT_EMIT_LOC_STRINGS = YES;
				SWIFT_VERSION = 5.0;
				TARGETED_DEVICE_FAMILY = "1,2";
			};
			name = Debug;
		};
		F50F1D322B6A31C7002193EE /* Release */ = {
			isa = XCBuildConfiguration;
			baseConfigurationReference = 6C56D8D2EAE038CC965C6765 /* Pods-iOScontactsAssignment.release.xcconfig */;
			buildSettings = {
				ASSETCATALOG_COMPILER_APPICON_NAME = AppIcon;
				ASSETCATALOG_COMPILER_GLOBAL_ACCENT_COLOR_NAME = AccentColor;
				CODE_SIGN_STYLE = Automatic;
				CURRENT_PROJECT_VERSION = 1;
				DEVELOPMENT_ASSET_PATHS = "\"iOScontactsAssignment/Preview Content\"";
				DEVELOPMENT_TEAM = G72BPQSG2L;
				ENABLE_PREVIEWS = YES;
				GENERATE_INFOPLIST_FILE = YES;
				INFOPLIST_KEY_UIApplicationSceneManifest_Generation = YES;
				INFOPLIST_KEY_UIApplicationSupportsIndirectInputEvents = YES;
				INFOPLIST_KEY_UILaunchScreen_Generation = YES;
				INFOPLIST_KEY_UISupportedInterfaceOrientations_iPad = "UIInterfaceOrientationPortrait UIInterfaceOrientationPortraitUpsideDown UIInterfaceOrientationLandscapeLeft UIInterfaceOrientationLandscapeRight";
				INFOPLIST_KEY_UISupportedInterfaceOrientations_iPhone = "UIInterfaceOrientationPortrait UIInterfaceOrientationLandscapeRight UIInterfaceOrientationLandscapeLeft";
				LD_RUNPATH_SEARCH_PATHS = (
					"$(inherited)",
					"@executable_path/Frameworks",
				);
				MARKETING_VERSION = 1.0;
				PRODUCT_BUNDLE_IDENTIFIER = senilaconstantin.iOScontactsAssignment;
				PRODUCT_NAME = "$(TARGET_NAME)";
				SWIFT_EMIT_LOC_STRINGS = YES;
				SWIFT_VERSION = 5.0;
				TARGETED_DEVICE_FAMILY = "1,2";
			};
			name = Release;
		};
		F50F1D342B6A31C7002193EE /* Debug */ = {
			isa = XCBuildConfiguration;
			baseConfigurationReference = A506E0BAC9C2C0FE42426ECD /* Pods-iOScontactsAssignmentTests.debug.xcconfig */;
			buildSettings = {
				ALWAYS_EMBED_SWIFT_STANDARD_LIBRARIES = YES;
				BUNDLE_LOADER = "$(TEST_HOST)";
				CODE_SIGN_STYLE = Automatic;
				CURRENT_PROJECT_VERSION = 1;
				DEVELOPMENT_TEAM = G72BPQSG2L;
				GENERATE_INFOPLIST_FILE = YES;
				IPHONEOS_DEPLOYMENT_TARGET = 17.2;
				MARKETING_VERSION = 1.0;
				PRODUCT_BUNDLE_IDENTIFIER = senilaconstantin.iOScontactsAssignmentTests;
				PRODUCT_NAME = "$(TARGET_NAME)";
				SWIFT_EMIT_LOC_STRINGS = NO;
				SWIFT_VERSION = 5.0;
				TARGETED_DEVICE_FAMILY = "1,2";
				TEST_HOST = "$(BUILT_PRODUCTS_DIR)/iOScontactsAssignment.app/$(BUNDLE_EXECUTABLE_FOLDER_PATH)/iOScontactsAssignment";
			};
			name = Debug;
		};
		F50F1D352B6A31C7002193EE /* Release */ = {
			isa = XCBuildConfiguration;
			baseConfigurationReference = CA8A7646316BB255AF325A95 /* Pods-iOScontactsAssignmentTests.release.xcconfig */;
			buildSettings = {
				ALWAYS_EMBED_SWIFT_STANDARD_LIBRARIES = YES;
				BUNDLE_LOADER = "$(TEST_HOST)";
				CODE_SIGN_STYLE = Automatic;
				CURRENT_PROJECT_VERSION = 1;
				DEVELOPMENT_TEAM = G72BPQSG2L;
				GENERATE_INFOPLIST_FILE = YES;
				IPHONEOS_DEPLOYMENT_TARGET = 17.2;
				MARKETING_VERSION = 1.0;
				PRODUCT_BUNDLE_IDENTIFIER = senilaconstantin.iOScontactsAssignmentTests;
				PRODUCT_NAME = "$(TARGET_NAME)";
				SWIFT_EMIT_LOC_STRINGS = NO;
				SWIFT_VERSION = 5.0;
				TARGETED_DEVICE_FAMILY = "1,2";
				TEST_HOST = "$(BUILT_PRODUCTS_DIR)/iOScontactsAssignment.app/$(BUNDLE_EXECUTABLE_FOLDER_PATH)/iOScontactsAssignment";
			};
			name = Release;
		};
		F50F1D372B6A31C7002193EE /* Debug */ = {
			isa = XCBuildConfiguration;
			baseConfigurationReference = AB7D4D4EB6DF48109F52795A /* Pods-iOScontactsAssignment-iOScontactsAssignmentUITests.debug.xcconfig */;
			buildSettings = {
				ALWAYS_EMBED_SWIFT_STANDARD_LIBRARIES = YES;
				CODE_SIGN_STYLE = Automatic;
				CURRENT_PROJECT_VERSION = 1;
				DEVELOPMENT_TEAM = G72BPQSG2L;
				GENERATE_INFOPLIST_FILE = YES;
				MARKETING_VERSION = 1.0;
				PRODUCT_BUNDLE_IDENTIFIER = senilaconstantin.iOScontactsAssignmentUITests;
				PRODUCT_NAME = "$(TARGET_NAME)";
				SWIFT_EMIT_LOC_STRINGS = NO;
				SWIFT_VERSION = 5.0;
				TARGETED_DEVICE_FAMILY = "1,2";
				TEST_TARGET_NAME = iOScontactsAssignment;
			};
			name = Debug;
		};
		F50F1D382B6A31C7002193EE /* Release */ = {
			isa = XCBuildConfiguration;
			baseConfigurationReference = 007358F8B8162C8E68CE072D /* Pods-iOScontactsAssignment-iOScontactsAssignmentUITests.release.xcconfig */;
			buildSettings = {
				ALWAYS_EMBED_SWIFT_STANDARD_LIBRARIES = YES;
				CODE_SIGN_STYLE = Automatic;
				CURRENT_PROJECT_VERSION = 1;
				DEVELOPMENT_TEAM = G72BPQSG2L;
				GENERATE_INFOPLIST_FILE = YES;
				MARKETING_VERSION = 1.0;
				PRODUCT_BUNDLE_IDENTIFIER = senilaconstantin.iOScontactsAssignmentUITests;
				PRODUCT_NAME = "$(TARGET_NAME)";
				SWIFT_EMIT_LOC_STRINGS = NO;
				SWIFT_VERSION = 5.0;
				TARGETED_DEVICE_FAMILY = "1,2";
				TEST_TARGET_NAME = iOScontactsAssignment;
			};
			name = Release;
		};
/* End XCBuildConfiguration section */

/* Begin XCConfigurationList section */
		F50F1D072B6A31C3002193EE /* Build configuration list for PBXProject "iOScontactsAssignment" */ = {
			isa = XCConfigurationList;
			buildConfigurations = (
				F50F1D2E2B6A31C7002193EE /* Debug */,
				F50F1D2F2B6A31C7002193EE /* Release */,
			);
			defaultConfigurationIsVisible = 0;
			defaultConfigurationName = Release;
		};
		F50F1D302B6A31C7002193EE /* Build configuration list for PBXNativeTarget "iOScontactsAssignment" */ = {
			isa = XCConfigurationList;
			buildConfigurations = (
				F50F1D312B6A31C7002193EE /* Debug */,
				F50F1D322B6A31C7002193EE /* Release */,
			);
			defaultConfigurationIsVisible = 0;
			defaultConfigurationName = Release;
		};
		F50F1D332B6A31C7002193EE /* Build configuration list for PBXNativeTarget "iOScontactsAssignmentTests" */ = {
			isa = XCConfigurationList;
			buildConfigurations = (
				F50F1D342B6A31C7002193EE /* Debug */,
				F50F1D352B6A31C7002193EE /* Release */,
			);
			defaultConfigurationIsVisible = 0;
			defaultConfigurationName = Release;
		};
		F50F1D362B6A31C7002193EE /* Build configuration list for PBXNativeTarget "iOScontactsAssignmentUITests" */ = {
			isa = XCConfigurationList;
			buildConfigurations = (
				F50F1D372B6A31C7002193EE /* Debug */,
				F50F1D382B6A31C7002193EE /* Release */,
			);
			defaultConfigurationIsVisible = 0;
			defaultConfigurationName = Release;
		};
/* End XCConfigurationList section */

/* Begin XCRemoteSwiftPackageReference section */
		F50F1D4E2B6A4578002193EE /* XCRemoteSwiftPackageReference "Alamofire" */ = {
			isa = XCRemoteSwiftPackageReference;
			repositoryURL = "https://github.com/Alamofire/Alamofire.git";
			requirement = {
				kind = upToNextMajorVersion;
				minimumVersion = 5.8.1;
			};
		};
/* End XCRemoteSwiftPackageReference section */

/* Begin XCSwiftPackageProductDependency section */
		F50F1D4F2B6A4578002193EE /* Alamofire */ = {
			isa = XCSwiftPackageProductDependency;
			package = F50F1D4E2B6A4578002193EE /* XCRemoteSwiftPackageReference "Alamofire" */;
			productName = Alamofire;
		};
/* End XCSwiftPackageProductDependency section */
	};
	rootObject = F50F1D042B6A31C3002193EE /* Project object */;
}
